<?xml version="1.0" encoding="utf-8"?>
<Project ToolsVersion="4.0" xmlns="http://schemas.microsoft.com/developer/msbuild/2003">
  <ItemGroup>
    <Filter Include="Source Files">
      <UniqueIdentifier>{2b5b5bb4-2f79-4748-906c-6457c744f5ba}</UniqueIdentifier>
      <Extensions>cpp;c;cxx;rc;def;r;odl;idl;hpj;bat</Extensions>
    </Filter>
    <Filter Include="Header Files">
      <UniqueIdentifier>{f34686a0-6044-4e5a-8b60-24bac05d929e}</UniqueIdentifier>
      <Extensions>h;hpp;hxx;hm;inl</Extensions>
    </Filter>
    <Filter Include="Resource Files">
      <UniqueIdentifier>{34389f5b-fe5b-407f-8234-a94b31b390d0}</UniqueIdentifier>
      <Extensions>ico;cur;bmp;dlg;rc2;rct;bin;rgs;gif;jpg;jpeg;jpe</Extensions>
    </Filter>
  </ItemGroup>
  <ItemGroup>
    <ClCompile Include="AlarmSetDlg.cpp">
      <Filter>Source Files</Filter>
    </ClCompile>
    <ClCompile Include="BackSetDlg.cpp">
      <Filter>Source Files</Filter>
    </ClCompile>
    <ClCompile Include="BeepSetDlg.cpp">
      <Filter>Source Files</Filter>
    </ClCompile>
    <ClCompile Include="ClockDate.cpp">
      <Filter>Source Files</Filter>
    </ClCompile>
    <ClCompile Include="ClockHand.cpp">
      <Filter>Source Files</Filter>
    </ClCompile>
    <ClCompile Include="ClockNum.cpp">
      <Filter>Source Files</Filter>
    </ClCompile>
    <ClCompile Include="ClockScale.cpp">
      <Filter>Source Files</Filter>
    </ClCompile>
    <ClCompile Include="DateSetDlg.cpp">
      <Filter>Source Files</Filter>
    </ClCompile>
    <ClCompile Include="deskClock.cpp">
      <Filter>Source Files</Filter>
    </ClCompile>
    <ClCompile Include="deskClockDlg.cpp">
      <Filter>Source Files</Filter>
    </ClCompile>
    <ClCompile Include="HandSetDlg.cpp">
      <Filter>Source Files</Filter>
    </ClCompile>
    <ClCompile Include="NumTimeSetDlg.cpp">
      <Filter>Source Files</Filter>
    </ClCompile>
    <ClCompile Include="ScaleSetDlg.cpp">
      <Filter>Source Files</Filter>
    </ClCompile>
    <ClCompile Include="StdAfx.cpp">
      <Filter>Source Files</Filter>
    </ClCompile>
    <ClCompile Include="SystemTimeSetDlg.cpp">
      <Filter>Source Files</Filter>
    </ClCompile>
  </ItemGroup>
  <ItemGroup>
    <ResourceCompile Include="deskClock.rc">
      <Filter>Source Files</Filter>
    </ResourceCompile>
  </ItemGroup>
  <ItemGroup>
    <ClInclude Include="AlarmSetDlg.h">
      <Filter>Header Files</Filter>
    </ClInclude>
    <ClInclude Include="BackSetDlg.h">
      <Filter>Header Files</Filter>
    </ClInclude>
    <ClInclude Include="BeepSetDlg.h">
      <Filter>Header Files</Filter>
    </ClInclude>
    <ClInclude Include="ClockDate.h">
      <Filter>Header Files</Filter>
    </ClInclude>
    <ClInclude Include="ClockHand.h">
      <Filter>Header Files</Filter>
    </ClInclude>
    <ClInclude Include="ClockNum.h">
      <Filter>Header Files</Filter>
    </ClInclude>
    <ClInclude Include="ClockScale.h">
      <Filter>Header Files</Filter>
    </ClInclude>
    <ClInclude Include="DateSetDlg.h">
      <Filter>Header Files</Filter>
    </ClInclude>
    <ClInclude Include="deskClock.h">
      <Filter>Header Files</Filter>
    </ClInclude>
    <ClInclude Include="deskClockDlg.h">
      <Filter>Header Files</Filter>
    </ClInclude>
    <ClInclude Include="HandSetDlg.h">
      <Filter>Header Files</Filter>
    </ClInclude>
    <ClInclude Include="NumTimeSetDlg.h">
      <Filter>Header Files</Filter>
    </ClInclude>
    <ClInclude Include="Resource.h">
      <Filter>Header Files</Filter>
    </ClInclude>
    <ClInclude Include="ScaleSetDlg.h">
      <Filter>Header Files</Filter>
    </ClInclude>
    <ClInclude Include="StdAfx.h">
      <Filter>Header Files</Filter>
    </ClInclude>
    <ClInclude Include="SystemTimeSetDlg.h">
      <Filter>Header Files</Filter>
    </ClInclude>
  </ItemGroup>
  <ItemGroup>
    <Image Include="res\bitmap2.bmp">
      <Filter>Resource Files</Filter>
    </Image>
    <Image Include="res\da98262e7cb2487c4ec22665副本.bmp">
      <Filter>Resource Files</Filter>
    </Image>
    <Image Include="res\deskClock.ico">
      <Filter>Resource Files</Filter>
    </Image>
    <Image Include="log.bmp">
      <Filter>Resource Files</Filter>
    </Image>
    <Image Include="背景.bmp">
      <Filter>Resource Files</Filter>
    </Image>
  </ItemGroup>
  <ItemGroup>
    <Text Include="ReadMe.txt" />
  </ItemGroup>
  <ItemGroup>
    <CustomBuild Include="res\deskClock.rc2">
      <Filter>Resource Files</Filter>
    </CustomBuild>
  </ItemGroup>
</Project>